
Microsoft Visual Studio Solution File, Format Version 12.00
# Visual Studio Version 17
VisualStudioVersion = 17.6.33417.168
MinimumVisualStudioVersion = 10.0.40219.1
Project("{FAE04EC0-301F-11D3-BF4B-00C04F79EFBC}") = "EventsAndDelegates", "EventsAndDelegates.csproj", "{2BD965F9-663A-4455-806D-6779849637CC}"
EndProject
Global
	GlobalSection(SolutionConfigurationPlatforms) = preSolution
		Debug|Any CPU = Debug|Any CPU
		Release|Any CPU = Release|Any CPU
	EndGlobalSection
	GlobalSection(ProjectConfigurationPlatforms) = postSolution
		{2BD965F9-663A-4455-806D-6779849637CC}.Debug|Any CPU.ActiveCfg = Debug|Any CPU
		{2BD965F9-663A-4455-806D-6779849637CC}.Debug|Any CPU.Build.0 = Debug|Any CPU
		{2BD965F9-663A-4455-806D-6779849637CC}.Release|Any CPU.ActiveCfg = Release|Any CPU
		{2BD965F9-663A-4455-806D-6779849637CC}.Release|Any CPU.Build.0 = Release|Any CPU
	EndGlobalSection
	GlobalSection(SolutionProperties) = preSolution
		HideSolutionNode = FALSE
	EndGlobalSection
	GlobalSection(ExtensibilityGlobals) = postSolution
		SolutionGuid = {E430AA13-3A16-431A-8324-C42AAB44FD88}
	EndGlobalSection
EndGlobal
